
Microsoft Visual Studio Solution File, Format Version 12.00
# Visual Studio Version 16
VisualStudioVersion = 16.0.30002.166
MinimumVisualStudioVersion = 10.0.40219.1
Project("{FAE04EC0-301F-11D3-BF4B-00C04F79EFBC}") = "CustomerWCF.Services", "CustomerWCF.Services\CustomerWCF.Services.csproj", "{EB3584B9-8F16-48D8-ABB7-C067CF77D5D1}"
EndProject
Project("{FAE04EC0-301F-11D3-BF4B-00C04F79EFBC}") = "CustomerWCF.Domain", "CustomerWCF.Domain\CustomerWCF.Domain.csproj", "{A24F68B8-85EA-4949-B215-B89EB2F9B6BD}"
EndProject
Project("{FAE04EC0-301F-11D3-BF4B-00C04F79EFBC}") = "CustomerWCF.Data", "CustomerWCF.Data\CustomerWCF.Data.csproj", "{45396D30-6D72-4D20-A670-098436B3D439}"
EndProject
Global
	GlobalSection(SolutionConfigurationPlatforms) = preSolution
		Debug|Any CPU = Debug|Any CPU
		Release|Any CPU = Release|Any CPU
	EndGlobalSection
	GlobalSection(ProjectConfigurationPlatforms) = postSolution
		{EB3584B9-8F16-48D8-ABB7-C067CF77D5D1}.Debug|Any CPU.ActiveCfg = Debug|Any CPU
		{EB3584B9-8F16-48D8-ABB7-C067CF77D5D1}.Debug|Any CPU.Build.0 = Debug|Any CPU
		{EB3584B9-8F16-48D8-ABB7-C067CF77D5D1}.Release|Any CPU.ActiveCfg = Release|Any CPU
		{EB3584B9-8F16-48D8-ABB7-C067CF77D5D1}.Release|Any CPU.Build.0 = Release|Any CPU
		{A24F68B8-85EA-4949-B215-B89EB2F9B6BD}.Debug|Any CPU.ActiveCfg = Debug|Any CPU
		{A24F68B8-85EA-4949-B215-B89EB2F9B6BD}.Debug|Any CPU.Build.0 = Debug|Any CPU
		{A24F68B8-85EA-4949-B215-B89EB2F9B6BD}.Release|Any CPU.ActiveCfg = Release|Any CPU
		{A24F68B8-85EA-4949-B215-B89EB2F9B6BD}.Release|Any CPU.Build.0 = Release|Any CPU
		{45396D30-6D72-4D20-A670-098436B3D439}.Debug|Any CPU.ActiveCfg = Debug|Any CPU
		{45396D30-6D72-4D20-A670-098436B3D439}.Debug|Any CPU.Build.0 = Debug|Any CPU
		{45396D30-6D72-4D20-A670-098436B3D439}.Release|Any CPU.ActiveCfg = Release|Any CPU
		{45396D30-6D72-4D20-A670-098436B3D439}.Release|Any CPU.Build.0 = Release|Any CPU
	EndGlobalSection
	GlobalSection(SolutionProperties) = preSolution
		HideSolutionNode = FALSE
	EndGlobalSection
	GlobalSection(ExtensibilityGlobals) = postSolution
		SolutionGuid = {86D9065E-591D-4B9A-A7F4-CC88F268BD0C}
	EndGlobalSection
EndGlobal
